
Microsoft Visual Studio Solution File, Format Version 12.00
# Visual Studio 14
VisualStudioVersion = 14.0.25420.1
MinimumVisualStudioVersion = 10.0.40219.1
Project("{2150E333-8FDC-42A3-9474-1A3956D46DE8}") = "src", "src", "{C6B4D0F5-8E90-4927-A21D-EFCB3DD857D3}"
EndProject
Project("{2150E333-8FDC-42A3-9474-1A3956D46DE8}") = "Solution Items", "Solution Items", "{1AD9A605-827F-4351-BDB9-98337FA48983}"
	ProjectSection(SolutionItems) = preProject
		global.json = global.json
	EndProjectSection
EndProject
Project("{8BB2217D-0F2D-49D1-97BC-3654ED321F3B}") = "CompetitionPlatform", "src\CompetitionPlatform\CompetitionPlatform.xproj", "{6A3B572A-67B5-4E08-97E0-84B0CC9AA4FB}"
EndProject
Project("{2150E333-8FDC-42A3-9474-1A3956D46DE8}") = "Infrastructure", "Infrastructure", "{FC407B0C-D286-4C44-B9B9-936434CF0760}"
EndProject
Project("{8BB2217D-0F2D-49D1-97BC-3654ED321F3B}") = "Common", "Common\Common.xproj", "{04DFCF94-7867-4DA9-9902-08673044267F}"
EndProject
Global
	GlobalSection(SolutionConfigurationPlatforms) = preSolution
		Debug|Any CPU = Debug|Any CPU
		Release|Any CPU = Release|Any CPU
	EndGlobalSection
	GlobalSection(ProjectConfigurationPlatforms) = postSolution
		{6A3B572A-67B5-4E08-97E0-84B0CC9AA4FB}.Debug|Any CPU.ActiveCfg = Debug|Any CPU
		{6A3B572A-67B5-4E08-97E0-84B0CC9AA4FB}.Debug|Any CPU.Build.0 = Debug|Any CPU
		{6A3B572A-67B5-4E08-97E0-84B0CC9AA4FB}.Release|Any CPU.ActiveCfg = Release|Any CPU
		{6A3B572A-67B5-4E08-97E0-84B0CC9AA4FB}.Release|Any CPU.Build.0 = Release|Any CPU
		{04DFCF94-7867-4DA9-9902-08673044267F}.Debug|Any CPU.ActiveCfg = Debug|Any CPU
		{04DFCF94-7867-4DA9-9902-08673044267F}.Debug|Any CPU.Build.0 = Debug|Any CPU
		{04DFCF94-7867-4DA9-9902-08673044267F}.Release|Any CPU.ActiveCfg = Release|Any CPU
		{04DFCF94-7867-4DA9-9902-08673044267F}.Release|Any CPU.Build.0 = Release|Any CPU
	EndGlobalSection
	GlobalSection(SolutionProperties) = preSolution
		HideSolutionNode = FALSE
	EndGlobalSection
	GlobalSection(NestedProjects) = preSolution
		{6A3B572A-67B5-4E08-97E0-84B0CC9AA4FB} = {C6B4D0F5-8E90-4927-A21D-EFCB3DD857D3}
		{FC407B0C-D286-4C44-B9B9-936434CF0760} = {C6B4D0F5-8E90-4927-A21D-EFCB3DD857D3}
		{04DFCF94-7867-4DA9-9902-08673044267F} = {FC407B0C-D286-4C44-B9B9-936434CF0760}
	EndGlobalSection
EndGlobal
