
Microsoft Visual Studio Solution File, Format Version 12.00
# Visual Studio 15
VisualStudioVersion = 15.0.26730.15
MinimumVisualStudioVersion = 10.0.40219.1
Project("{2150E333-8FDC-42A3-9474-1A3956D46DE8}") = "src", "src", "{C6B4D0F5-8E90-4927-A21D-EFCB3DD857D3}"
EndProject
Project("{2150E333-8FDC-42A3-9474-1A3956D46DE8}") = "Solution Items", "Solution Items", "{1AD9A605-827F-4351-BDB9-98337FA48983}"
	ProjectSection(SolutionItems) = preProject
		.gitignore = .gitignore
	EndProjectSection
EndProject
Project("{2150E333-8FDC-42A3-9474-1A3956D46DE8}") = "Infrastructure", "Infrastructure", "{FC407B0C-D286-4C44-B9B9-936434CF0760}"
EndProject
Project("{9A19103F-16F7-4668-BE54-9A1E7A4F7556}") = "CompetitionPlatform", "src\CompetitionPlatform\CompetitionPlatform.csproj", "{6A3B572A-67B5-4E08-97E0-84B0CC9AA4FB}"
EndProject
Global
	GlobalSection(SolutionConfigurationPlatforms) = preSolution
		Debug|Any CPU = Debug|Any CPU
		Release|Any CPU = Release|Any CPU
	EndGlobalSection
	GlobalSection(ProjectConfigurationPlatforms) = postSolution
		{6A3B572A-67B5-4E08-97E0-84B0CC9AA4FB}.Debug|Any CPU.ActiveCfg = Debug|Any CPU
		{6A3B572A-67B5-4E08-97E0-84B0CC9AA4FB}.Debug|Any CPU.Build.0 = Debug|Any CPU
		{6A3B572A-67B5-4E08-97E0-84B0CC9AA4FB}.Release|Any CPU.ActiveCfg = Release|Any CPU
		{6A3B572A-67B5-4E08-97E0-84B0CC9AA4FB}.Release|Any CPU.Build.0 = Release|Any CPU
	EndGlobalSection
	GlobalSection(SolutionProperties) = preSolution
		HideSolutionNode = FALSE
	EndGlobalSection
	GlobalSection(NestedProjects) = preSolution
		{FC407B0C-D286-4C44-B9B9-936434CF0760} = {C6B4D0F5-8E90-4927-A21D-EFCB3DD857D3}
		{6A3B572A-67B5-4E08-97E0-84B0CC9AA4FB} = {C6B4D0F5-8E90-4927-A21D-EFCB3DD857D3}
	EndGlobalSection
	GlobalSection(ExtensibilityGlobals) = postSolution
		SolutionGuid = {10CA1C8E-B701-4A2F-BBB9-D7E20849087F}
	EndGlobalSection
EndGlobal
